
Microsoft Visual Studio Solution File, Format Version 12.00
# Visual Studio Version 17
VisualStudioVersion = 17.5.33530.505
MinimumVisualStudioVersion = 10.0.40219.1
Project("{FAE04EC0-301F-11D3-BF4B-00C04F79EFBC}") = "dz3 csharp", "dz3 csharp\dz3 csharp.csproj", "{86204345-0D02-4381-9D3C-55600FE1129D}"
EndProject
Global
	GlobalSection(SolutionConfigurationPlatforms) = preSolution
		Debug|Any CPU = Debug|Any CPU
		Release|Any CPU = Release|Any CPU
	EndGlobalSection
	GlobalSection(ProjectConfigurationPlatforms) = postSolution
		{86204345-0D02-4381-9D3C-55600FE1129D}.Debug|Any CPU.ActiveCfg = Debug|Any CPU
		{86204345-0D02-4381-9D3C-55600FE1129D}.Debug|Any CPU.Build.0 = Debug|Any CPU
		{86204345-0D02-4381-9D3C-55600FE1129D}.Release|Any CPU.ActiveCfg = Release|Any CPU
		{86204345-0D02-4381-9D3C-55600FE1129D}.Release|Any CPU.Build.0 = Release|Any CPU
	EndGlobalSection
	GlobalSection(SolutionProperties) = preSolution
		HideSolutionNode = FALSE
	EndGlobalSection
	GlobalSection(ExtensibilityGlobals) = postSolution
		SolutionGuid = {974ECDF2-7FB8-4768-8189-26EE184F7AA2}
	EndGlobalSection
EndGlobal
